{
  "requires": true,
  "lockfileVersion": 1,
  "dependencies": {
    "vue-context-menu": {
      "version": "2.0.6",
      "resolved": "https://registry.npmjs.org/vue-context-menu/-/vue-context-menu-2.0.6.tgz",
      "integrity": "sha512-wTyyjWbrGq/Rc1iivHl9ryI0IcsodRgg46CAGCm6knADDsTj5qJzo2pPDfi6y2nQreg8llJC2lGGts88tMX1sQ=="
    }
  }
}
